// !$*UTF8*$!
{
	archiveVersion = 1;
	classes = {
	};
	objectVersion = 46;
	objects = {

/* Begin PBXBuildFile section */
		97E18D651B91E6DD00A402BC /* main.m in Sources */ = {isa = PBXBuildFile; fileRef = 97E18D641B91E6DD00A402BC /* main.m */; };
		97E18D681B91E6DD00A402BC /* AppDelegate.m in Sources */ = {isa = PBXBuildFile; fileRef = 97E18D671B91E6DD00A402BC /* AppDelegate.m */; };
		97E18D701B91E6DE00A402BC /* Images.xcassets in Resources */ = {isa = PBXBuildFile; fileRef = 97E18D6F1B91E6DE00A402BC /* Images.xcassets */; };
		97E18D7F1B91E6DE00A402BC /* BKGuitarTests.m in Sources */ = {isa = PBXBuildFile; fileRef = 97E18D7E1B91E6DE00A402BC /* BKGuitarTests.m */; };
		97E18D8A1B92095C00A402BC /* BKMusicListController.m in Sources */ = {isa = PBXBuildFile; fileRef = 97E18D891B92095C00A402BC /* BKMusicListController.m */; };
		97E18D901B921CCD00A402BC /* UPStackMenu.m in Sources */ = {isa = PBXBuildFile; fileRef = 97E18D8D1B921CCD00A402BC /* UPStackMenu.m */; };
		97E18D911B921CCD00A402BC /* UPStackMenuItem.m in Sources */ = {isa = PBXBuildFile; fileRef = 97E18D8F1B921CCD00A402BC /* UPStackMenuItem.m */; };
/* End PBXBuildFile section */

/* Begin PBXContainerItemProxy section */
		97E18D791B91E6DE00A402BC /* PBXContainerItemProxy */ = {
			isa = PBXContainerItemProxy;
			containerPortal = 97E18D571B91E6DD00A402BC /* Project object */;
			proxyType = 1;
			remoteGlobalIDString = 97E18D5E1B91E6DD00A402BC;
			remoteInfo = BKGuitar;
		};
/* End PBXContainerItemProxy section */

/* Begin PBXFileReference section */
		97E18D5F1B91E6DD00A402BC /* BKGuitar.app */ = {isa = PBXFileReference; explicitFileType = wrapper.application; includeInIndex = 0; path = BKGuitar.app; sourceTree = BUILT_PRODUCTS_DIR; };
		97E18D631B91E6DD00A402BC /* Info.plist */ = {isa = PBXFileReference; lastKnownFileType = text.plist.xml; path = Info.plist; sourceTree = "<group>"; };
		97E18D641B91E6DD00A402BC /* main.m */ = {isa = PBXFileReference; lastKnownFileType = sourcecode.c.objc; path = main.m; sourceTree = "<group>"; };
		97E18D661B91E6DD00A402BC /* AppDelegate.h */ = {isa = PBXFileReference; lastKnownFileType = sourcecode.c.h; path = AppDelegate.h; sourceTree = "<group>"; };
		97E18D671B91E6DD00A402BC /* AppDelegate.m */ = {isa = PBXFileReference; lastKnownFileType = sourcecode.c.objc; path = AppDelegate.m; sourceTree = "<group>"; };
		97E18D6F1B91E6DE00A402BC /* Images.xcassets */ = {isa = PBXFileReference; lastKnownFileType = folder.assetcatalog; path = Images.xcassets; sourceTree = "<group>"; };
		97E18D781B91E6DE00A402BC /* BKGuitarTests.xctest */ = {isa = PBXFileReference; explicitFileType = wrapper.cfbundle; includeInIndex = 0; path = BKGuitarTests.xctest; sourceTree = BUILT_PRODUCTS_DIR; };
		97E18D7D1B91E6DE00A402BC /* Info.plist */ = {isa = PBXFileReference; lastKnownFileType = text.plist.xml; path = Info.plist; sourceTree = "<group>"; };
		97E18D7E1B91E6DE00A402BC /* BKGuitarTests.m */ = {isa = PBXFileReference; lastKnownFileType = sourcecode.c.objc; path = BKGuitarTests.m; sourceTree = "<group>"; };
		97E18D881B92095C00A402BC /* BKMusicListController.h */ = {isa = PBXFileReference; fileEncoding = 4; lastKnownFileType = sourcecode.c.h; path = BKMusicListController.h; sourceTree = "<group>"; };
		97E18D891B92095C00A402BC /* BKMusicListController.m */ = {isa = PBXFileReference; fileEncoding = 4; lastKnownFileType = sourcecode.c.objc; path = BKMusicListController.m; sourceTree = "<group>"; };
		97E18D8C1B921CCD00A402BC /* UPStackMenu.h */ = {isa = PBXFileReference; fileEncoding = 4; lastKnownFileType = sourcecode.c.h; path = UPStackMenu.h; sourceTree = "<group>"; };
		97E18D8D1B921CCD00A402BC /* UPStackMenu.m */ = {isa = PBXFileReference; fileEncoding = 4; lastKnownFileType = sourcecode.c.objc; path = UPStackMenu.m; sourceTree = "<group>"; };
		97E18D8E1B921CCD00A402BC /* UPStackMenuItem.h */ = {isa = PBXFileReference; fileEncoding = 4; lastKnownFileType = sourcecode.c.h; path = UPStackMenuItem.h; sourceTree = "<group>"; };
		97E18D8F1B921CCD00A402BC /* UPStackMenuItem.m */ = {isa = PBXFileReference; fileEncoding = 4; lastKnownFileType = sourcecode.c.objc; path = UPStackMenuItem.m; sourceTree = "<group>"; };
/* End PBXFileReference section */

/* Begin PBXFrameworksBuildPhase section */
		97E18D5C1B91E6DD00A402BC /* Frameworks */ = {
			isa = PBXFrameworksBuildPhase;
			buildActionMask = 2147483647;
			files = (
			);
			runOnlyForDeploymentPostprocessing = 0;
		};
		97E18D751B91E6DE00A402BC /* Frameworks */ = {
			isa = PBXFrameworksBuildPhase;
			buildActionMask = 2147483647;
			files = (
			);
			runOnlyForDeploymentPostprocessing = 0;
		};
/* End PBXFrameworksBuildPhase section */

/* Begin PBXGroup section */
		97E18D561B91E6DD00A402BC = {
			isa = PBXGroup;
			children = (
				97E18D611B91E6DD00A402BC /* BKGuitar */,
				97E18D7B1B91E6DE00A402BC /* BKGuitarTests */,
				97E18D601B91E6DD00A402BC /* Products */,
			);
			sourceTree = "<group>";
		};
		97E18D601B91E6DD00A402BC /* Products */ = {
			isa = PBXGroup;
			children = (
				97E18D5F1B91E6DD00A402BC /* BKGuitar.app */,
				97E18D781B91E6DE00A402BC /* BKGuitarTests.xctest */,
			);
			name = Products;
			sourceTree = "<group>";
		};
		97E18D611B91E6DD00A402BC /* BKGuitar */ = {
			isa = PBXGroup;
			children = (
				97E18D881B92095C00A402BC /* BKMusicListController.h */,
				97E18D891B92095C00A402BC /* BKMusicListController.m */,
				97E18D8B1B921CCD00A402BC /* UPStackMenu */,
				97E18D661B91E6DD00A402BC /* AppDelegate.h */,
				97E18D671B91E6DD00A402BC /* AppDelegate.m */,
				97E18D6F1B91E6DE00A402BC /* Images.xcassets */,
				97E18D621B91E6DD00A402BC /* Supporting Files */,
			);
			path = BKGuitar;
			sourceTree = "<group>";
		};
		97E18D621B91E6DD00A402BC /* Supporting Files */ = {
			isa = PBXGroup;
			children = (
				97E18D631B91E6DD00A402BC /* Info.plist */,
				97E18D641B91E6DD00A402BC /* main.m */,
			);
			name = "Supporting Files";
			sourceTree = "<group>";
		};
		97E18D7B1B91E6DE00A402BC /* BKGuitarTests */ = {
			isa = PBXGroup;
			children = (
				97E18D7E1B91E6DE00A402BC /* BKGuitarTests.m */,
				97E18D7C1B91E6DE00A402BC /* Supporting Files */,
			);
			path = BKGuitarTests;
			sourceTree = "<group>";
		};
		97E18D7C1B91E6DE00A402BC /* Supporting Files */ = {
			isa = PBXGroup;
			children = (
				97E18D7D1B91E6DE00A402BC /* Info.plist */,
			);
			name = "Supporting Files";
			sourceTree = "<group>";
		};
		97E18D8B1B921CCD00A402BC /* UPStackMenu */ = {
			isa = PBXGroup;
			children = (
				97E18D8C1B921CCD00A402BC /* UPStackMenu.h */,
				97E18D8D1B921CCD00A402BC /* UPStackMenu.m */,
				97E18D8E1B921CCD00A402BC /* UPStackMenuItem.h */,
				97E18D8F1B921CCD00A402BC /* UPStackMenuItem.m */,
			);
			path = UPStackMenu;
			sourceTree = "<group>";
		};
/* End PBXGroup section */

/* Begin PBXNativeTarget section */
		97E18D5E1B91E6DD00A402BC /* BKGuitar */ = {
			isa = PBXNativeTarget;
			buildConfigurationList = 97E18D821B91E6DE00A402BC /* Build configuration list for PBXNativeTarget "BKGuitar" */;
			buildPhases = (
				97E18D5B1B91E6DD00A402BC /* Sources */,
				97E18D5C1B91E6DD00A402BC /* Frameworks */,
				97E18D5D1B91E6DD00A402BC /* Resources */,
			);
			buildRules = (
			);
			dependencies = (
			);
			name = BKGuitar;
			productName = BKGuitar;
			productReference = 97E18D5F1B91E6DD00A402BC /* BKGuitar.app */;
			productType = "com.apple.product-type.application";
		};
		97E18D771B91E6DE00A402BC /* BKGuitarTests */ = {
			isa = PBXNativeTarget;
			buildConfigurationList = 97E18D851B91E6DE00A402BC /* Build configuration list for PBXNativeTarget "BKGuitarTests" */;
			buildPhases = (
				97E18D741B91E6DE00A402BC /* Sources */,
				97E18D751B91E6DE00A402BC /* Frameworks */,
				97E18D761B91E6DE00A402BC /* Resources */,
			);
			buildRules = (
			);
			dependencies = (
				97E18D7A1B91E6DE00A402BC /* PBXTargetDependency */,
			);
			name = BKGuitarTests;
			productName = BKGuitarTests;
			productReference = 97E18D781B91E6DE00A402BC /* BKGuitarTests.xctest */;
			productType = "com.apple.product-type.bundle.unit-test";
		};
/* End PBXNativeTarget section */

/* Begin PBXProject section */
		97E18D571B91E6DD00A402BC /* Project object */ = {
			isa = PBXProject;
			attributes = {
				LastUpgradeCheck = 0630;
				ORGANIZATIONNAME = "B&K";
				TargetAttributes = {
					97E18D5E1B91E6DD00A402BC = {
						CreatedOnToolsVersion = 6.3;
					};
					97E18D771B91E6DE00A402BC = {
						CreatedOnToolsVersion = 6.3;
						TestTargetID = 97E18D5E1B91E6DD00A402BC;
					};
				};
			};
			buildConfigurationList = 97E18D5A1B91E6DD00A402BC /* Build configuration list for PBXProject "BKGuitar" */;
			compatibilityVersion = "Xcode 3.2";
			developmentRegion = English;
			hasScannedForEncodings = 0;
			knownRegions = (
				en,
				Base,
			);
			mainGroup = 97E18D561B91E6DD00A402BC;
			productRefGroup = 97E18D601B91E6DD00A402BC /* Products */;
			projectDirPath = "";
			projectRoot = "";
			targets = (
				97E18D5E1B91E6DD00A402BC /* BKGuitar */,
				97E18D771B91E6DE00A402BC /* BKGuitarTests */,
			);
		};
/* End PBXProject section */

/* Begin PBXResourcesBuildPhase section */
		97E18D5D1B91E6DD00A402BC /* Resources */ = {
			isa = PBXResourcesBuildPhase;
			buildActionMask = 2147483647;
			files = (
				97E18D701B91E6DE00A402BC /* Images.xcassets in Resources */,
			);
			runOnlyForDeploymentPostprocessing = 0;
		};
		97E18D761B91E6DE00A402BC /* Resources */ = {
			isa = PBXResourcesBuildPhase;
			buildActionMask = 2147483647;
			files = (
			);
			runOnlyForDeploymentPostprocessing = 0;
		};
/* End PBXResourcesBuildPhase section */

/* Begin PBXSourcesBuildPhase section */
		97E18D5B1B91E6DD00A402BC /* Sources */ = {
			isa = PBXSourcesBuildPhase;
			buildActionMask = 2147483647;
			files = (
				97E18D901B921CCD00A402BC /* UPStackMenu.m in Sources */,
				97E18D911B921CCD00A402BC /* UPStackMenuItem.m in Sources */,
				97E18D681B91E6DD00A402BC /* AppDelegate.m in Sources */,
				97E18D651B91E6DD00A402BC /* main.m in Sources */,
				97E18D8A1B92095C00A402BC /* BKMusicListController.m in Sources */,
			);
			runOnlyForDeploymentPostprocessing = 0;
		};
		97E18D741B91E6DE00A402BC /* Sources */ = {
			isa = PBXSourcesBuildPhase;
			buildActionMask = 2147483647;
			files = (
				97E18D7F1B91E6DE00A402BC /* BKGuitarTests.m in Sources */,
			);
			runOnlyForDeploymentPostprocessing = 0;
		};
/* End PBXSourcesBuildPhase section */

/* Begin PBXTargetDependency section */
		97E18D7A1B91E6DE00A402BC /* PBXTargetDependency */ = {
			isa = PBXTargetDependency;
			target = 97E18D5E1B91E6DD00A402BC /* BKGuitar */;
			targetProxy = 97E18D791B91E6DE00A402BC /* PBXContainerItemProxy */;
		};
/* End PBXTargetDependency section */

/* Begin XCBuildConfiguration section */
		97E18D801B91E6DE00A402BC /* Debug */ = {
			isa = XCBuildConfiguration;
			buildSettings = {
				ALWAYS_SEARCH_USER_PATHS = NO;
				CLANG_CXX_LANGUAGE_STANDARD = "gnu++0x";
				CLANG_CXX_LIBRARY = "libc++";
				CLANG_ENABLE_MODULES = YES;
				CLANG_ENABLE_OBJC_ARC = YES;
				CLANG_WARN_BOOL_CONVERSION = YES;
				CLANG_WARN_CONSTANT_CONVERSION = YES;
				CLANG_WARN_DIRECT_OBJC_ISA_USAGE = YES_ERROR;
				CLANG_WARN_EMPTY_BODY = YES;
				CLANG_WARN_ENUM_CONVERSION = YES;
				CLANG_WARN_INT_CONVERSION = YES;
				CLANG_WARN_OBJC_ROOT_CLASS = YES_ERROR;
				CLANG_WARN_UNREACHABLE_CODE = YES;
				CLANG_WARN__DUPLICATE_METHOD_MATCH = YES;
				"CODE_SIGN_IDENTITY[sdk=iphoneos*]" = "iPhone Developer";
				COPY_PHASE_STRIP = NO;
				DEBUG_INFORMATION_FORMAT = "dwarf-with-dsym";
				ENABLE_STRICT_OBJC_MSGSEND = YES;
				GCC_C_LANGUAGE_STANDARD = gnu99;
				GCC_DYNAMIC_NO_PIC = NO;
				GCC_NO_COMMON_BLOCKS = YES;
				GCC_OPTIMIZATION_LEVEL = 0;
				GCC_PREPROCESSOR_DEFINITIONS = (
					"DEBUG=1",
					"$(inherited)",
				);
				GCC_SYMBOLS_PRIVATE_EXTERN = NO;
				GCC_WARN_64_TO_32_BIT_CONVERSION = YES;
				GCC_WARN_ABOUT_RETURN_TYPE = YES_ERROR;
				GCC_WARN_UNDECLARED_SELECTOR = YES;
				GCC_WARN_UNINITIALIZED_AUTOS = YES_AGGRESSIVE;
				GCC_WARN_UNUSED_FUNCTION = YES;
				GCC_WARN_UNUSED_VARIABLE = YES;
				IPHONEOS_DEPLOYMENT_TARGET = 8.3;
				MTL_ENABLE_DEBUG_INFO = YES;
				ONLY_ACTIVE_ARCH = YES;
				SDKROOT = iphoneos;
			};
			name = Debug;
		};
		97E18D811B91E6DE00A402BC /* Release */ = {
			isa = XCBuildConfiguration;
			buildSettings = {
				ALWAYS_SEARCH_USER_PATHS = NO;
				CLANG_CXX_LANGUAGE_STANDARD = "gnu++0x";
				CLANG_CXX_LIBRARY = "libc++";
				CLANG_ENABLE_MODULES = YES;
				CLANG_ENABLE_OBJC_ARC = YES;
				CLANG_WARN_BOOL_CONVERSION = YES;
				CLANG_WARN_CONSTANT_CONVERSION = YES;
				CLANG_WARN_DIRECT_OBJC_ISA_USAGE = YES_ERROR;
				CLANG_WARN_EMPTY_BODY = YES;
				CLANG_WARN_ENUM_CONVERSION = YES;
				CLANG_WARN_INT_CONVERSION = YES;
				CLANG_WARN_OBJC_ROOT_CLASS = YES_ERROR;
				CLANG_WARN_UNREACHABLE_CODE = YES;
				CLANG_WARN__DUPLICATE_METHOD_MATCH = YES;
				"CODE_SIGN_IDENTITY[sdk=iphoneos*]" = "iPhone Developer";
				COPY_PHASE_STRIP = NO;
				DEBUG_INFORMATION_FORMAT = "dwarf-with-dsym";
				ENABLE_NS_ASSERTIONS = NO;
				ENABLE_STRICT_OBJC_MSGSEND = YES;
				GCC_C_LANGUAGE_STANDARD = gnu99;
				GCC_NO_COMMON_BLOCKS = YES;
				GCC_WARN_64_TO_32_BIT_CONVERSION = YES;
				GCC_WARN_ABOUT_RETURN_TYPE = YES_ERROR;
				GCC_WARN_UNDECLARED_SELECTOR = YES;
				GCC_WARN_UNINITIALIZED_AUTOS = YES_AGGRESSIVE;
				GCC_WARN_UNUSED_FUNCTION = YES;
				GCC_WARN_UNUSED_VARIABLE = YES;
				IPHONEOS_DEPLOYMENT_TARGET = 8.3;
				MTL_ENABLE_DEBUG_INFO = NO;
				SDKROOT = iphoneos;
				VALIDATE_PRODUCT = YES;
			};
			name = Release;
		};
		97E18D831B91E6DE00A402BC /* Debug */ = {
			isa = XCBuildConfiguration;
			buildSettings = {
				ASSETCATALOG_COMPILER_APPICON_NAME = AppIcon;
				INFOPLIST_FILE = BKGuitar/Info.plist;
				IPHONEOS_DEPLOYMENT_TARGET = 7.1;
				LD_RUNPATH_SEARCH_PATHS = "$(inherited) @executable_path/Frameworks";
				PRODUCT_NAME = "$(TARGET_NAME)";
			};
			name = Debug;
		};
		97E18D841B91E6DE00A402BC /* Release */ = {
			isa = XCBuildConfiguration;
			buildSettings = {
				ASSETCATALOG_COMPILER_APPICON_NAME = AppIcon;
				INFOPLIST_FILE = BKGuitar/Info.plist;
				IPHONEOS_DEPLOYMENT_TARGET = 7.1;
				LD_RUNPATH_SEARCH_PATHS = "$(inherited) @executable_path/Frameworks";
				PRODUCT_NAME = "$(TARGET_NAME)";
			};
			name = Release;
		};
		97E18D861B91E6DE00A402BC /* Debug */ = {
			isa = XCBuildConfiguration;
			buildSettings = {
				BUNDLE_LOADER = "$(TEST_HOST)";
				FRAMEWORK_SEARCH_PATHS = (
					"$(SDKROOT)/Developer/Library/Frameworks",
					"$(inherited)",
				);
				GCC_PREPROCESSOR_DEFINITIONS = (
					"DEBUG=1",
					"$(inherited)",
				);
				INFOPLIST_FILE = BKGuitarTests/Info.plist;
				LD_RUNPATH_SEARCH_PATHS = "$(inherited) @executable_path/Frameworks @loader_path/Frameworks";
				PRODUCT_NAME = "$(TARGET_NAME)";
				TEST_HOST = "$(BUILT_PRODUCTS_DIR)/BKGuitar.app/BKGuitar";
			};
			name = Debug;
		};
		97E18D871B91E6DE00A402BC /* Release */ = {
			isa = XCBuildConfiguration;
			buildSettings = {
				BUNDLE_LOADER = "$(TEST_HOST)";
				FRAMEWORK_SEARCH_PATHS = (
					"$(SDKROOT)/Developer/Library/Frameworks",
					"$(inherited)",
				);
				INFOPLIST_FILE = BKGuitarTests/Info.plist;
				LD_RUNPATH_SEARCH_PATHS = "$(inherited) @executable_path/Frameworks @loader_path/Frameworks";
				PRODUCT_NAME = "$(TARGET_NAME)";
				TEST_HOST = "$(BUILT_PRODUCTS_DIR)/BKGuitar.app/BKGuitar";
			};
			name = Release;
		};
/* End XCBuildConfiguration section */

/* Begin XCConfigurationList section */
		97E18D5A1B91E6DD00A402BC /* Build configuration list for PBXProject "BKGuitar" */ = {
			isa = XCConfigurationList;
			buildConfigurations = (
				97E18D801B91E6DE00A402BC /* Debug */,
				97E18D811B91E6DE00A402BC /* Release */,
			);
			defaultConfigurationIsVisible = 0;
			defaultConfigurationName = Release;
		};
		97E18D821B91E6DE00A402BC /* Build configuration list for PBXNativeTarget "BKGuitar" */ = {
			isa = XCConfigurationList;
			buildConfigurations = (
				97E18D831B91E6DE00A402BC /* Debug */,
				97E18D841B91E6DE00A402BC /* Release */,
			);
			defaultConfigurationIsVisible = 0;
		};
		97E18D851B91E6DE00A402BC /* Build configuration list for PBXNativeTarget "BKGuitarTests" */ = {
			isa = XCConfigurationList;
			buildConfigurations = (
				97E18D861B91E6DE00A402BC /* Debug */,
				97E18D871B91E6DE00A402BC /* Release */,
			);
			defaultConfigurationIsVisible = 0;
		};
/* End XCConfigurationList section */
	};
	rootObject = 97E18D571B91E6DD00A402BC /* Project object */;
}
